
Microsoft Visual Studio Solution File, Format Version 11.00
# Visual Studio 2010
Project("{FAE04EC0-301F-11D3-BF4B-00C04F79EFBC}") = "wing-ding-pong", "wing-ding-pong\wing-ding-pong\wing-ding-pong.csproj", "{D8825ED5-C49A-4576-886B-9D4F7D4DDE2E}"
EndProject
Project("{96E2B04D-8817-42C6-938A-82C39BA4D311}") = "wing-ding-pongContent", "wing-ding-pong\wing-ding-pongContent\wing-ding-pongContent.contentproj", "{B827ADE8-36E2-42C7-B992-408AC5A3B507}"
EndProject
Global
	GlobalSection(SolutionConfigurationPlatforms) = preSolution
		Debug|Xbox 360 = Debug|Xbox 360
		Release|Xbox 360 = Release|Xbox 360
	EndGlobalSection
	GlobalSection(ProjectConfigurationPlatforms) = postSolution
		{D8825ED5-C49A-4576-886B-9D4F7D4DDE2E}.Debug|Xbox 360.ActiveCfg = Debug|Xbox 360
		{D8825ED5-C49A-4576-886B-9D4F7D4DDE2E}.Debug|Xbox 360.Build.0 = Debug|Xbox 360
		{D8825ED5-C49A-4576-886B-9D4F7D4DDE2E}.Debug|Xbox 360.Deploy.0 = Debug|Xbox 360
		{D8825ED5-C49A-4576-886B-9D4F7D4DDE2E}.Release|Xbox 360.ActiveCfg = Release|Xbox 360
		{D8825ED5-C49A-4576-886B-9D4F7D4DDE2E}.Release|Xbox 360.Build.0 = Release|Xbox 360
		{D8825ED5-C49A-4576-886B-9D4F7D4DDE2E}.Release|Xbox 360.Deploy.0 = Release|Xbox 360
		{B827ADE8-36E2-42C7-B992-408AC5A3B507}.Debug|Xbox 360.ActiveCfg = Debug|Xbox 360
		{B827ADE8-36E2-42C7-B992-408AC5A3B507}.Release|Xbox 360.ActiveCfg = Release|Xbox 360
	EndGlobalSection
	GlobalSection(SolutionProperties) = preSolution
		HideSolutionNode = FALSE
	EndGlobalSection
EndGlobal
